
Microsoft Visual Studio Solution File, Format Version 12.00
# Visual Studio Version 17
VisualStudioVersion = 17.1.32210.238
MinimumVisualStudioVersion = 10.0.40219.1
Project("{FAE04EC0-301F-11D3-BF4B-00C04F79EFBC}") = "RenameMultipleFilesExtension", "RenameMultipleFiles\RenameMultipleFilesExtension.csproj", "{8F1E5AE5-C6AC-4A95-B008-BF23EACB3A7D}"
EndProject
Global
	GlobalSection(SolutionConfigurationPlatforms) = preSolution
		Debug|Any CPU = Debug|Any CPU
		Release|Any CPU = Release|Any CPU
	EndGlobalSection
	GlobalSection(ProjectConfigurationPlatforms) = postSolution
		{8F1E5AE5-C6AC-4A95-B008-BF23EACB3A7D}.Debug|Any CPU.ActiveCfg = Debug|Any CPU
		{8F1E5AE5-C6AC-4A95-B008-BF23EACB3A7D}.Debug|Any CPU.Build.0 = Debug|Any CPU
		{8F1E5AE5-C6AC-4A95-B008-BF23EACB3A7D}.Release|Any CPU.ActiveCfg = Release|Any CPU
		{8F1E5AE5-C6AC-4A95-B008-BF23EACB3A7D}.Release|Any CPU.Build.0 = Release|Any CPU
	EndGlobalSection
	GlobalSection(SolutionProperties) = preSolution
		HideSolutionNode = FALSE
	EndGlobalSection
	GlobalSection(ExtensibilityGlobals) = postSolution
		SolutionGuid = {3C1DE353-27CD-49C8-8819-FD97F027931A}
	EndGlobalSection
EndGlobal
